dependencies:
  espressif/esp_websocket_client:
    component_hash: d8ccaffac2871dc756bdc08d7ff0bfa2daa7db3d94b0c7bf714b1962efe5e7c9
    source:
      service_url: https://api.components.espressif.com/
      type: service
    version: 1.2.2
  idf:
    component_hash: null
    source:
      type: idf
    version: 5.1.1
  joltwallet/littlefs:
    component_hash: f7813d2c2ddde8bc74cd9d044f063d758672f8504ca56132f518ff1438c9a051
    source:
      service_url: https://api.components.espressif.com/
      type: service
    version: 1.13.0
manifest_hash: 77cd4c010061fdf0df7f3011f6a50d8cc93857bc74950110cf6099f0323bca9a
target: esp32
version: 1.0.0
