dependencies:
  espressif/esp_websocket_client:
    component_hash: af69df6a85b26a1e129814ba033fd0c704cdf925b114d9bf90f885db1bb3f8a9
    source:
      service_url: https://api.components.espressif.com/
      type: service
    version: 1.2.1
  idf:
    component_hash: null
    source:
      type: idf
    version: 5.1.1
  joltwallet/littlefs:
    component_hash: f7813d2c2ddde8bc74cd9d044f063d758672f8504ca56132f518ff1438c9a051
    source:
      service_url: https://api.components.espressif.com/
      type: service
    version: 1.13.0
manifest_hash: fdc17d7f514c451932c874bffae346858f95419260b71896babfa7468a53cd10
target: esp32
version: 1.0.0
