{
    "_meta": {
        "hash": {
            "sha256": "67a1f79e859b843042f20f46faa457bfbd0528926f1a34d7ba1ee12a54064a36"
        },
        "pipfile-spec": 6,
        "requires": {
            "python_version": "3.11"
        },
        "sources": [
            {
                "name": "pypi",
                "url": "https://pypi.org/simple",
                "verify_ssl": true
            }
        ]
    },
    "default": {
        "attrs": {
            "hashes": [
                "sha256:1f28b4522cdc2fb4256ac1a020c78acf9cba2c6b461ccd2c126f3aa8e8335d04",
                "sha256:6279836d581513a26f1bf235f9acd333bc9115683f14f7e8fae46c98fc50e015"
            ],
            "markers": "python_version >= '3.7'",
            "version": "==23.1.0"
        },
        "jsonschema": {
            "hashes": [
                "sha256:4f614fd46d8d61258610998997743ec5492a648b33cf478c1ddc23ed4598a5fa",
                "sha256:ed6231f0429ecf966f5bc8dfef245998220549cbbcf140f913b7464c52c3b6b3"
            ],
            "markers": "python_version >= '3.8'",
            "version": "==4.20.0"
        },
        "jsonschema-specifications": {
            "hashes": [
                "sha256:c9b234904ffe02f079bf91b14d79987faa685fd4b39c377a0996954c0090b9ca",
                "sha256:f596778ab612b3fd29f72ea0d990393d0540a5aab18bf0407a46632eab540779"
            ],
            "markers": "python_version >= '3.8'",
            "version": "==2023.11.1"
        },
        "ocpp": {
            "hashes": [
                "sha256:1a892d68cfdf2de57707f46786d16f25221bd6840588b412dc00a95e90084a5e",
                "sha256:fbe84c52969e0b20b76af225079250bb0be04ef580bd03ba2044f69280e4be8b"
            ],
            "index": "pypi",
            "version": "==0.22.0"
        },
        "referencing": {
            "hashes": [
                "sha256:381b11e53dd93babb55696c71cf42aef2d36b8a150c49bf0bc301e36d536c882",
                "sha256:cc28f2c88fbe7b961a7817a0abc034c09a1e36358f82fedb4ffdf29a25398863"
            ],
            "markers": "python_version >= '3.8'",
            "version": "==0.31.0"
        },
        "rpds-py": {
            "hashes": [
                "sha256:0290712eb5603a725769b5d857f7cf15cf6ca93dda3128065bbafe6fdb709beb",
                "sha256:032c242a595629aacace44128f9795110513ad27217b091e834edec2fb09e800",
                "sha256:08832078767545c5ee12561ce980714e1e4c6619b5b1e9a10248de60cddfa1fd",
                "sha256:08b335fb0c45f0a9e2478a9ece6a1bfb00b6f4c4780f9be3cf36479c5d8dd374",
                "sha256:0b70c1f800059c92479dc94dda41288fd6607f741f9b1b8f89a21a86428f6383",
                "sha256:0d9f8930092558fd15c9e07198625efb698f7cc00b3dc311c83eeec2540226a8",
                "sha256:181ee352691c4434eb1c01802e9daa5edcc1007ff15023a320e2693fed6a661b",
                "sha256:19f5aa7f5078d35ed8e344bcba40f35bc95f9176dddb33fc4f2084e04289fa63",
                "sha256:1a3b2583c86bbfbf417304eeb13400ce7f8725376dc7d3efbf35dc5d7052ad48",
                "sha256:1c9a1dc5e898ce30e2f9c0aa57181cddd4532b22b7780549441d6429d22d3b58",
                "sha256:1f36a1e80ef4ed1996445698fd91e0d3e54738bf597c9995118b92da537d7a28",
                "sha256:20147996376be452cd82cd6c17701daba69a849dc143270fa10fe067bb34562a",
                "sha256:249c8e0055ca597707d71c5ad85fd2a1c8fdb99386a8c6c257e1b47b67a9bec1",
                "sha256:2647192facf63be9ed2d7a49ceb07efe01dc6cfb083bd2cc53c418437400cb99",
                "sha256:264f3a5906c62b9df3a00ad35f6da1987d321a053895bd85f9d5c708de5c0fbf",
                "sha256:2abd669a39be69cdfe145927c7eb53a875b157740bf1e2d49e9619fc6f43362e",
                "sha256:2b2415d5a7b7ee96aa3a54d4775c1fec140476a17ee12353806297e900eaeddc",
                "sha256:2c173f529666bab8e3f948b74c6d91afa22ea147e6ebae49a48229d9020a47c4",
                "sha256:2da81c1492291c1a90987d76a47c7b2d310661bf7c93a9de0511e27b796a8b46",
                "sha256:2eca04a365be380ca1f8fa48b334462e19e3382c0bb7386444d8ca43aa01c481",
                "sha256:37b08df45f02ff1866043b95096cbe91ac99de05936dd09d6611987a82a3306a",
                "sha256:37f79f4f1f06cc96151f4a187528c3fd4a7e1065538a4af9eb68c642365957f7",
                "sha256:3dd5fb7737224e1497c886fb3ca681c15d9c00c76171f53b3c3cc8d16ccfa7fb",
                "sha256:3e3ac5b602fea378243f993d8b707189f9061e55ebb4e56cb9fdef8166060f28",
                "sha256:3f55ae773abd96b1de25fc5c3fb356f491bd19116f8f854ba705beffc1ddc3c5",
                "sha256:4011d5c854aa804c833331d38a2b6f6f2fe58a90c9f615afdb7aa7cf9d31f721",
                "sha256:4145172ab59b6c27695db6d78d040795f635cba732cead19c78cede74800949a",
                "sha256:42b9535aa22ab023704cfc6533e968f7e420affe802d85e956d8a7b4c0b0b5ea",
                "sha256:46a07a258bda12270de02b34c4884f200f864bba3dcd6e3a37fef36a168b859d",
                "sha256:4f13d3f6585bd07657a603780e99beda96a36c86acaba841f131e81393958336",
                "sha256:528e2afaa56d815d2601b857644aeb395afe7e59212ab0659906dc29ae68d9a6",
                "sha256:545e94c84575057d3d5c62634611858dac859702b1519b6ffc58eca7fb1adfcf",
                "sha256:577d40a72550eac1386b77b43836151cb61ff6700adacda2ad4d883ca5a0b6f2",
                "sha256:5967fa631d0ed9f8511dede08bc943a9727c949d05d1efac4ac82b2938024fb7",
                "sha256:5b769396eb358d6b55dbf78f3f7ca631ca1b2fe02136faad5af74f0111b4b6b7",
                "sha256:63c9e2794329ef070844ff9bfc012004aeddc0468dc26970953709723f76c8a5",
                "sha256:6574f619e8734140d96c59bfa8a6a6e7a3336820ccd1bfd95ffa610673b650a2",
                "sha256:6bfe72b249264cc1ff2f3629be240d7d2fdc778d9d298087cdec8524c91cd11f",
                "sha256:736817dbbbd030a69a1faf5413a319976c9c8ba8cdcfa98c022d3b6b2e01eca6",
                "sha256:74a2044b870df7c9360bb3ce7e12f9ddf8e72e49cd3a353a1528cbf166ad2383",
                "sha256:74be3b215a5695690a0f1a9f68b1d1c93f8caad52e23242fcb8ba56aaf060281",
                "sha256:76a8374b294e4ccb39ccaf11d39a0537ed107534139c00b4393ca3b542cc66e5",
                "sha256:7ba239bb37663b2b4cd08e703e79e13321512dccd8e5f0e9451d9e53a6b8509a",
                "sha256:7c40851b659d958c5245c1236e34f0d065cc53dca8d978b49a032c8e0adfda6e",
                "sha256:7cf241dbb50ea71c2e628ab2a32b5bfcd36e199152fc44e5c1edb0b773f1583e",
                "sha256:7cfae77da92a20f56cf89739a557b76e5c6edc094f6ad5c090b9e15fbbfcd1a4",
                "sha256:7d152ec7bb431040af2500e01436c9aa0d993f243346f0594a15755016bf0be1",
                "sha256:80080972e1d000ad0341c7cc58b6855c80bd887675f92871221451d13a975072",
                "sha256:82dbcd6463e580bcfb7561cece35046aaabeac5a9ddb775020160b14e6c58a5d",
                "sha256:8308a8d49d1354278d5c068c888a58d7158a419b2e4d87c7839ed3641498790c",
                "sha256:839676475ac2ccd1532d36af3d10d290a2ca149b702ed464131e450a767550df",
                "sha256:83feb0f682d75a09ddc11aa37ba5c07dd9b824b22915207f6176ea458474ff75",
                "sha256:88956c993a20201744282362e3fd30962a9d86dc4f1dcf2bdb31fab27821b61f",
                "sha256:8a6ad8429340e0a4de89353447c6441329def3632e7b2293a7d6e873217d3c2b",
                "sha256:8ba9fbc5d6e36bfeb5292530321cc56c4ef3f98048647fabd8f57543c34174ec",
                "sha256:8c1f6c8df23be165eb0cb78f305483d00c6827a191e3a38394c658d5b9c80bbd",
                "sha256:91276caef95556faeb4b8f09fe4439670d3d6206fee78d47ddb6e6de837f0b4d",
                "sha256:960e7e460fda2d0af18c75585bbe0c99f90b8f09963844618a621b804f8c3abe",
                "sha256:9656a09653b18b80764647d585750df2dff8928e03a706763ab40ec8c4872acc",
                "sha256:9cd935c0220d012a27c20135c140f9cdcbc6249d5954345c81bfb714071b985c",
                "sha256:a2b3c79586636f1fa69a7bd59c87c15fca80c0d34b5c003d57f2f326e5276575",
                "sha256:a4b9d3f5c48bbe8d9e3758e498b3c34863f2c9b1ac57a4e6310183740e59c980",
                "sha256:a8c2bf286e5d755a075e5e97ba56b3de08cccdad6b323ab0b21cc98875176b03",
                "sha256:a90031658805c63fe488f8e9e7a88b260ea121ba3ee9cdabcece9c9ddb50da39",
                "sha256:ad666a904212aa9a6c77da7dce9d5170008cda76b7776e6731928b3f8a0d40fa",
                "sha256:af2d1648eb625a460eee07d3e1ea3a4a6e84a1fb3a107f6a8e95ac19f7dcce67",
                "sha256:b3d4b390ee70ca9263b331ccfaf9819ee20e90dfd0201a295e23eb64a005dbef",
                "sha256:ba4432301ad7eeb1b00848cf46fae0e5fecfd18a8cb5fdcf856c67985f79ecc7",
                "sha256:bc3179e0815827cf963e634095ae5715ee73a5af61defbc8d6ca79f1bdae1d1d",
                "sha256:c5fd099acaee2325f01281a130a39da08d885e4dedf01b84bf156ec2737d78fe",
                "sha256:c797ea56f36c6f248656f0223b11307fdf4a1886f3555eba371f34152b07677f",
                "sha256:cd4ea56c9542ad0091dfdef3e8572ae7a746e1e91eb56c9e08b8d0808b40f1d1",
                "sha256:cdd6f8738e1f1d9df5b1603bb03cb30e442710e5672262b95d0f9fcb4edb0dab",
                "sha256:d0580faeb9def6d0beb7aa666294d5604e569c4e24111ada423cf9936768d95c",
                "sha256:d11afdc5992bbd7af60ed5eb519873690d921425299f51d80aa3099ed49f2bcc",
                "sha256:d1d388d2f5f5a6065cf83c54dd12112b7389095669ff395e632003ae8999c6b8",
                "sha256:d20da6b4c7aa9ee75ad0730beaba15d65157f5beeaca54a038bb968f92bf3ce3",
                "sha256:d22e0660de24bd8e9ac82f4230a22a5fe4e397265709289d61d5fb333839ba50",
                "sha256:d22f2cb82e0b40e427a74a93c9a4231335bbc548aed79955dde0b64ea7f88146",
                "sha256:d4fa1eeb9bea6d9b64ac91ec51ee94cc4fc744955df5be393e1c923c920db2b0",
                "sha256:d9793d46d3e6522ae58e9321032827c9c0df1e56cbe5d3de965facb311aed6aa",
                "sha256:dab979662da1c9fbb464e310c0b06cb5f1d174d09a462553af78f0bfb3e01920",
                "sha256:db8d0f0ad92f74feb61c4e4a71f1d573ef37c22ef4dc19cab93e501bfdad8cbd",
                "sha256:df2af1180b8eeececf4f819d22cc0668bfadadfd038b19a90bd2fb2ee419ec6f",
                "sha256:dfb5d2ab183c0efe5e7b8917e4eaa2e837aacafad8a69b89aa6bc81550eed857",
                "sha256:e04f8c76b8d5c70695b4e8f1d0b391d8ef91df00ef488c6c1ffb910176459bc6",
                "sha256:e4a45ba34f904062c63049a760790c6a2fa7a4cc4bd160d8af243b12371aaa05",
                "sha256:e9be1f7c5f9673616f875299339984da9447a40e3aea927750c843d6e5e2e029",
                "sha256:edc91c50e17f5cd945d821f0f1af830522dba0c10267c3aab186dc3dbaab8def",
                "sha256:ee70ee5f4144a45a9e6169000b5b525d82673d5dab9f7587eccc92794814e7ac",
                "sha256:f1059ca9a51c936c9a8d46fbc2c9a6b4c15ab3f13a97f1ad32f024b39666ba85",
                "sha256:f47eef55297799956464efc00c74ae55c48a7b68236856d56183fe1ddf866205",
                "sha256:f4ae6f423cb7d1c6256b7482025ace2825728f53b7ac58bcd574de6ee9d242c2",
                "sha256:f4b15a163448ec79241fb2f1bc5a8ae1a4a304f7a48d948d208a2935b26bf8a5",
                "sha256:f55601fb58f92e4f4f1d05d80c24cb77505dc42103ddfd63ddfdc51d3da46fa2",
                "sha256:fa84bbe22ffa108f91631935c28a623001e335d66e393438258501e618fb0dde",
                "sha256:faa12a9f34671a30ea6bb027f04ec4e1fb8fa3fb3ed030893e729d4d0f3a9791",
                "sha256:fcfd5f91b882eedf8d9601bd21261d6ce0e61a8c66a7152d1f5df08d3f643ab1",
                "sha256:fe30ef31172bdcf946502a945faad110e8fff88c32c4bec9a593df0280e64d8a"
            ],
            "markers": "python_version >= '3.8'",
            "version": "==0.13.1"
        },
        "websockets": {
            "hashes": [
                "sha256:00700340c6c7ab788f176d118775202aadea7602c5cc6be6ae127761c16d6b0b",
                "sha256:0bee75f400895aef54157b36ed6d3b308fcab62e5260703add87f44cee9c82a6",
                "sha256:0e6e2711d5a8e6e482cacb927a49a3d432345dfe7dea8ace7b5790df5932e4df",
                "sha256:12743ab88ab2af1d17dd4acb4645677cb7063ef4db93abffbf164218a5d54c6b",
                "sha256:1a9d160fd080c6285e202327aba140fc9a0d910b09e423afff4ae5cbbf1c7205",
                "sha256:1bf386089178ea69d720f8db6199a0504a406209a0fc23e603b27b300fdd6892",
                "sha256:1df2fbd2c8a98d38a66f5238484405b8d1d16f929bb7a33ed73e4801222a6f53",
                "sha256:1e4b3f8ea6a9cfa8be8484c9221ec0257508e3a1ec43c36acdefb2a9c3b00aa2",
                "sha256:1f38a7b376117ef7aff996e737583172bdf535932c9ca021746573bce40165ed",
                "sha256:23509452b3bc38e3a057382c2e941d5ac2e01e251acce7adc74011d7d8de434c",
                "sha256:248d8e2446e13c1d4326e0a6a4e9629cb13a11195051a73acf414812700badbd",
                "sha256:25eb766c8ad27da0f79420b2af4b85d29914ba0edf69f547cc4f06ca6f1d403b",
                "sha256:27a5e9964ef509016759f2ef3f2c1e13f403725a5e6a1775555994966a66e931",
                "sha256:2c71bd45a777433dd9113847af751aae36e448bc6b8c361a566cb043eda6ec30",
                "sha256:2cb388a5bfb56df4d9a406783b7f9dbefb888c09b71629351cc6b036e9259370",
                "sha256:2d225bb6886591b1746b17c0573e29804619c8f755b5598d875bb4235ea639be",
                "sha256:2e5fc14ec6ea568200ea4ef46545073da81900a2b67b3e666f04adf53ad452ec",
                "sha256:363f57ca8bc8576195d0540c648aa58ac18cf85b76ad5202b9f976918f4219cf",
                "sha256:3c6cc1360c10c17463aadd29dd3af332d4a1adaa8796f6b0e9f9df1fdb0bad62",
                "sha256:3d829f975fc2e527a3ef2f9c8f25e553eb7bc779c6665e8e1d52aa22800bb38b",
                "sha256:3e3aa8c468af01d70332a382350ee95f6986db479ce7af14d5e81ec52aa2b402",
                "sha256:3f61726cae9f65b872502ff3c1496abc93ffbe31b278455c418492016e2afc8f",
                "sha256:423fc1ed29f7512fceb727e2d2aecb952c46aa34895e9ed96071821309951123",
                "sha256:46e71dbbd12850224243f5d2aeec90f0aaa0f2dde5aeeb8fc8df21e04d99eff9",
                "sha256:4d87be612cbef86f994178d5186add3d94e9f31cc3cb499a0482b866ec477603",
                "sha256:5693ef74233122f8ebab026817b1b37fe25c411ecfca084b29bc7d6efc548f45",
                "sha256:5aa9348186d79a5f232115ed3fa9020eab66d6c3437d72f9d2c8ac0c6858c558",
                "sha256:5d873c7de42dea355d73f170be0f23788cf3fa9f7bed718fd2830eefedce01b4",
                "sha256:5f6ffe2c6598f7f7207eef9a1228b6f5c818f9f4d53ee920aacd35cec8110438",
                "sha256:604428d1b87edbf02b233e2c207d7d528460fa978f9e391bd8aaf9c8311de137",
                "sha256:6350b14a40c95ddd53e775dbdbbbc59b124a5c8ecd6fbb09c2e52029f7a9f480",
                "sha256:6e2df67b8014767d0f785baa98393725739287684b9f8d8a1001eb2839031447",
                "sha256:6e96f5ed1b83a8ddb07909b45bd94833b0710f738115751cdaa9da1fb0cb66e8",
                "sha256:6e9e7db18b4539a29cc5ad8c8b252738a30e2b13f033c2d6e9d0549b45841c04",
                "sha256:70ec754cc2a769bcd218ed8d7209055667b30860ffecb8633a834dde27d6307c",
                "sha256:7b645f491f3c48d3f8a00d1fce07445fab7347fec54a3e65f0725d730d5b99cb",
                "sha256:7fa3d25e81bfe6a89718e9791128398a50dec6d57faf23770787ff441d851967",
                "sha256:81df9cbcbb6c260de1e007e58c011bfebe2dafc8435107b0537f393dd38c8b1b",
                "sha256:8572132c7be52632201a35f5e08348137f658e5ffd21f51f94572ca6c05ea81d",
                "sha256:87b4aafed34653e465eb77b7c93ef058516cb5acf3eb21e42f33928616172def",
                "sha256:8e332c210b14b57904869ca9f9bf4ca32f5427a03eeb625da9b616c85a3a506c",
                "sha256:9893d1aa45a7f8b3bc4510f6ccf8db8c3b62120917af15e3de247f0780294b92",
                "sha256:9edf3fc590cc2ec20dc9d7a45108b5bbaf21c0d89f9fd3fd1685e223771dc0b2",
                "sha256:9fdf06fd06c32205a07e47328ab49c40fc1407cdec801d698a7c41167ea45113",
                "sha256:a02413bc474feda2849c59ed2dfb2cddb4cd3d2f03a2fedec51d6e959d9b608b",
                "sha256:a1d9697f3337a89691e3bd8dc56dea45a6f6d975f92e7d5f773bc715c15dde28",
                "sha256:a571f035a47212288e3b3519944f6bf4ac7bc7553243e41eac50dd48552b6df7",
                "sha256:ab3d732ad50a4fbd04a4490ef08acd0517b6ae6b77eb967251f4c263011a990d",
                "sha256:ae0a5da8f35a5be197f328d4727dbcfafa53d1824fac3d96cdd3a642fe09394f",
                "sha256:b067cb952ce8bf40115f6c19f478dc71c5e719b7fbaa511359795dfd9d1a6468",
                "sha256:b2ee7288b85959797970114deae81ab41b731f19ebcd3bd499ae9ca0e3f1d2c8",
                "sha256:b81f90dcc6c85a9b7f29873beb56c94c85d6f0dac2ea8b60d995bd18bf3e2aae",
                "sha256:ba0cab91b3956dfa9f512147860783a1829a8d905ee218a9837c18f683239611",
                "sha256:baa386875b70cbd81798fa9f71be689c1bf484f65fd6fb08d051a0ee4e79924d",
                "sha256:bbe6013f9f791944ed31ca08b077e26249309639313fff132bfbf3ba105673b9",
                "sha256:bea88d71630c5900690fcb03161ab18f8f244805c59e2e0dc4ffadae0a7ee0ca",
                "sha256:befe90632d66caaf72e8b2ed4d7f02b348913813c8b0a32fae1cc5fe3730902f",
                "sha256:c3181df4583c4d3994d31fb235dc681d2aaad744fbdbf94c4802485ececdecf2",
                "sha256:c4e37d36f0d19f0a4413d3e18c0d03d0c268ada2061868c1e6f5ab1a6d575077",
                "sha256:c588f6abc13f78a67044c6b1273a99e1cf31038ad51815b3b016ce699f0d75c2",
                "sha256:cbe83a6bbdf207ff0541de01e11904827540aa069293696dd528a6640bd6a5f6",
                "sha256:d554236b2a2006e0ce16315c16eaa0d628dab009c33b63ea03f41c6107958374",
                "sha256:dbcf72a37f0b3316e993e13ecf32f10c0e1259c28ffd0a85cee26e8549595fbc",
                "sha256:dc284bbc8d7c78a6c69e0c7325ab46ee5e40bb4d50e494d8131a07ef47500e9e",
                "sha256:dff6cdf35e31d1315790149fee351f9e52978130cef6c87c4b6c9b3baf78bc53",
                "sha256:e469d01137942849cff40517c97a30a93ae79917752b34029f0ec72df6b46399",
                "sha256:eb809e816916a3b210bed3c82fb88eaf16e8afcf9c115ebb2bacede1797d2547",
                "sha256:ed2fcf7a07334c77fc8a230755c2209223a7cc44fc27597729b8ef5425aa61a3",
                "sha256:f44069528d45a933997a6fef143030d8ca8042f0dfaad753e2906398290e2870",
                "sha256:f764ba54e33daf20e167915edc443b6f88956f37fb606449b4a5b10ba42235a5",
                "sha256:fc4e7fa5414512b481a2483775a8e8be7803a35b30ca805afa4998a84f9fd9e8",
                "sha256:ffefa1374cd508d633646d51a8e9277763a9b78ae71324183693959cf94635a7"
            ],
            "index": "pypi",
            "version": "==12.0"
        }
    },
    "develop": {}
}
